// !$*UTF8*$!
{
	archiveVersion = 1;
	classes = {
	};
	objectVersion = 56;
	objects = {

/* Begin PBXBuildFile section */
		D921308C2CE430A700532878 /* AspectVGrid.swift in Sources */ = {isa = PBXBuildFile; fileRef = D921308B2CE430A700532878 /* AspectVGrid.swift */; };
		D921308E2CE48C2100532878 /* CardView.swift in Sources */ = {isa = PBXBuildFile; fileRef = D921308D2CE48C2100532878 /* CardView.swift */; };
		D93082EC2CFF48AB00CDA67A /* Cardify.swift in Sources */ = {isa = PBXBuildFile; fileRef = D93082EB2CFF48AB00CDA67A /* Cardify.swift */; };
		D93082EE2D01DE8300CDA67A /* FlyingNumber.swift in Sources */ = {isa = PBXBuildFile; fileRef = D93082ED2D01DE8300CDA67A /* FlyingNumber.swift */; };
		D96BCA752CD12785002AFFD7 /* MemorizeApp.swift in Sources */ = {isa = PBXBuildFile; fileRef = D96BCA742CD12785002AFFD7 /* MemorizeApp.swift */; };
		D96BCA772CD12785002AFFD7 /* EmojiMemorizeGameView.swift in Sources */ = {isa = PBXBuildFile; fileRef = D96BCA762CD12785002AFFD7 /* EmojiMemorizeGameView.swift */; };
		D96BCA792CD12787002AFFD7 /* Assets.xcassets in Resources */ = {isa = PBXBuildFile; fileRef = D96BCA782CD12787002AFFD7 /* Assets.xcassets */; };
		D96BCA7C2CD12787002AFFD7 /* Preview Assets.xcassets in Resources */ = {isa = PBXBuildFile; fileRef = D96BCA7B2CD12787002AFFD7 /* Preview Assets.xcassets */; };
		D9BF73882CF0CAA6002E60CF /* Pie.swift in Sources */ = {isa = PBXBuildFile; fileRef = D9BF73872CF0CAA6002E60CF /* Pie.swift */; };
		D9EC98E32CD8F2A100399ABA /* MemorizeGame.swift in Sources */ = {isa = PBXBuildFile; fileRef = D9EC98E22CD8F2A100399ABA /* MemorizeGame.swift */; };
		D9EC98E52CD8F4D400399ABA /* EmojiMemorizeGame.swift in Sources */ = {isa = PBXBuildFile; fileRef = D9EC98E42CD8F4D400399ABA /* EmojiMemorizeGame.swift */; };
/* End PBXBuildFile section */

/* Begin PBXFileReference section */
		D921308B2CE430A700532878 /* AspectVGrid.swift */ = {isa = PBXFileReference; lastKnownFileType = sourcecode.swift; path = AspectVGrid.swift; sourceTree = SOURCE_ROOT; };
		D921308D2CE48C2100532878 /* CardView.swift */ = {isa = PBXFileReference; lastKnownFileType = sourcecode.swift; path = CardView.swift; sourceTree = "<group>"; };
		D93082EB2CFF48AB00CDA67A /* Cardify.swift */ = {isa = PBXFileReference; lastKnownFileType = sourcecode.swift; path = Cardify.swift; sourceTree = "<group>"; };
		D93082ED2D01DE8300CDA67A /* FlyingNumber.swift */ = {isa = PBXFileReference; lastKnownFileType = sourcecode.swift; path = FlyingNumber.swift; sourceTree = "<group>"; };
		D96BCA712CD12785002AFFD7 /* Memorize.app */ = {isa = PBXFileReference; explicitFileType = wrapper.application; includeInIndex = 0; path = Memorize.app; sourceTree = BUILT_PRODUCTS_DIR; };
		D96BCA742CD12785002AFFD7 /* MemorizeApp.swift */ = {isa = PBXFileReference; lastKnownFileType = sourcecode.swift; path = MemorizeApp.swift; sourceTree = "<group>"; };
		D96BCA762CD12785002AFFD7 /* EmojiMemorizeGameView.swift */ = {isa = PBXFileReference; lastKnownFileType = sourcecode.swift; path = EmojiMemorizeGameView.swift; sourceTree = "<group>"; };
		D96BCA782CD12787002AFFD7 /* Assets.xcassets */ = {isa = PBXFileReference; lastKnownFileType = folder.assetcatalog; path = Assets.xcassets; sourceTree = "<group>"; };
		D96BCA7B2CD12787002AFFD7 /* Preview Assets.xcassets */ = {isa = PBXFileReference; lastKnownFileType = folder.assetcatalog; path = "Preview Assets.xcassets"; sourceTree = "<group>"; };
		D9BF73872CF0CAA6002E60CF /* Pie.swift */ = {isa = PBXFileReference; lastKnownFileType = sourcecode.swift; path = Pie.swift; sourceTree = "<group>"; };
		D9EC98E22CD8F2A100399ABA /* MemorizeGame.swift */ = {isa = PBXFileReference; lastKnownFileType = sourcecode.swift; path = MemorizeGame.swift; sourceTree = SOURCE_ROOT; };
		D9EC98E42CD8F4D400399ABA /* EmojiMemorizeGame.swift */ = {isa = PBXFileReference; lastKnownFileType = sourcecode.swift; path = EmojiMemorizeGame.swift; sourceTree = "<group>"; };
/* End PBXFileReference section */

/* Begin PBXFrameworksBuildPhase section */
		D96BCA6E2CD12785002AFFD7 /* Frameworks */ = {
			isa = PBXFrameworksBuildPhase;
			buildActionMask = 2147483647;
			files = (
			);
			runOnlyForDeploymentPostprocessing = 0;
		};
/* End PBXFrameworksBuildPhase section */

/* Begin PBXGroup section */
		D96BCA682CD12785002AFFD7 = {
			isa = PBXGroup;
			children = (
				D96BCA732CD12785002AFFD7 /* Memorize */,
				D96BCA722CD12785002AFFD7 /* Products */,
			);
			sourceTree = "<group>";
		};
		D96BCA722CD12785002AFFD7 /* Products */ = {
			isa = PBXGroup;
			children = (
				D96BCA712CD12785002AFFD7 /* Memorize.app */,
			);
			name = Products;
			sourceTree = "<group>";
		};
		D96BCA732CD12785002AFFD7 /* Memorize */ = {
			isa = PBXGroup;
			children = (
				D921308B2CE430A700532878 /* AspectVGrid.swift */,
				D9EC98E22CD8F2A100399ABA /* MemorizeGame.swift */,
				D9EC98E42CD8F4D400399ABA /* EmojiMemorizeGame.swift */,
				D96BCA742CD12785002AFFD7 /* MemorizeApp.swift */,
				D96BCA762CD12785002AFFD7 /* EmojiMemorizeGameView.swift */,
				D93082ED2D01DE8300CDA67A /* FlyingNumber.swift */,
				D921308D2CE48C2100532878 /* CardView.swift */,
				D93082EB2CFF48AB00CDA67A /* Cardify.swift */,
				D9BF73872CF0CAA6002E60CF /* Pie.swift */,
				D96BCA782CD12787002AFFD7 /* Assets.xcassets */,
				D96BCA7A2CD12787002AFFD7 /* Preview Content */,
			);
			path = Memorize;
			sourceTree = "<group>";
		};
		D96BCA7A2CD12787002AFFD7 /* Preview Content */ = {
			isa = PBXGroup;
			children = (
				D96BCA7B2CD12787002AFFD7 /* Preview Assets.xcassets */,
			);
			path = "Preview Content";
			sourceTree = "<group>";
		};
/* End PBXGroup section */

/* Begin PBXNativeTarget section */
		D96BCA702CD12785002AFFD7 /* Memorize */ = {
			isa = PBXNativeTarget;
			buildConfigurationList = D96BCA7F2CD12787002AFFD7 /* Build configuration list for PBXNativeTarget "Memorize" */;
			buildPhases = (
				D96BCA6D2CD12785002AFFD7 /* Sources */,
				D96BCA6E2CD12785002AFFD7 /* Frameworks */,
				D96BCA6F2CD12785002AFFD7 /* Resources */,
			);
			buildRules = (
			);
			dependencies = (
			);
			name = Memorize;
			productName = Memorize;
			productReference = D96BCA712CD12785002AFFD7 /* Memorize.app */;
			productType = "com.apple.product-type.application";
		};
/* End PBXNativeTarget section */

/* Begin PBXProject section */
		D96BCA692CD12785002AFFD7 /* Project object */ = {
			isa = PBXProject;
			attributes = {
				BuildIndependentTargetsInParallel = 1;
				LastSwiftUpdateCheck = 1540;
				LastUpgradeCheck = 1540;
				TargetAttributes = {
					D96BCA702CD12785002AFFD7 = {
						CreatedOnToolsVersion = 15.4;
					};
				};
			};
			buildConfigurationList = D96BCA6C2CD12785002AFFD7 /* Build configuration list for PBXProject "Memorize" */;
			compatibilityVersion = "Xcode 14.0";
			developmentRegion = en;
			hasScannedForEncodings = 0;
			knownRegions = (
				en,
				Base,
			);
			mainGroup = D96BCA682CD12785002AFFD7;
			productRefGroup = D96BCA722CD12785002AFFD7 /* Products */;
			projectDirPath = "";
			projectRoot = "";
			targets = (
				D96BCA702CD12785002AFFD7 /* Memorize */,
			);
		};
/* End PBXProject section */

/* Begin PBXResourcesBuildPhase section */
		D96BCA6F2CD12785002AFFD7 /* Resources */ = {
			isa = PBXResourcesBuildPhase;
			buildActionMask = 2147483647;
			files = (
				D96BCA7C2CD12787002AFFD7 /* Preview Assets.xcassets in Resources */,
				D96BCA792CD12787002AFFD7 /* Assets.xcassets in Resources */,
			);
			runOnlyForDeploymentPostprocessing = 0;
		};
/* End PBXResourcesBuildPhase section */

/* Begin PBXSourcesBuildPhase section */
		D96BCA6D2CD12785002AFFD7 /* Sources */ = {
			isa = PBXSourcesBuildPhase;
			buildActionMask = 2147483647;
			files = (
				D9EC98E52CD8F4D400399ABA /* EmojiMemorizeGame.swift in Sources */,
				D96BCA772CD12785002AFFD7 /* EmojiMemorizeGameView.swift in Sources */,
				D93082EE2D01DE8300CDA67A /* FlyingNumber.swift in Sources */,
				D93082EC2CFF48AB00CDA67A /* Cardify.swift in Sources */,
				D96BCA752CD12785002AFFD7 /* MemorizeApp.swift in Sources */,
				D921308C2CE430A700532878 /* AspectVGrid.swift in Sources */,
				D9BF73882CF0CAA6002E60CF /* Pie.swift in Sources */,
				D921308E2CE48C2100532878 /* CardView.swift in Sources */,
				D9EC98E32CD8F2A100399ABA /* MemorizeGame.swift in Sources */,
			);
			runOnlyForDeploymentPostprocessing = 0;
		};
/* End PBXSourcesBuildPhase section */

/* Begin XCBuildConfiguration section */
		D96BCA7D2CD12787002AFFD7 /* Debug */ = {
			isa = XCBuildConfiguration;
			buildSettings = {
				ALWAYS_SEARCH_USER_PATHS = NO;
				ASSETCATALOG_COMPILER_GENERATE_SWIFT_ASSET_SYMBOL_EXTENSIONS = YES;
				CLANG_ANALYZER_NONNULL = YES;
				CLANG_ANALYZER_NUMBER_OBJECT_CONVERSION = YES_AGGRESSIVE;
				CLANG_CXX_LANGUAGE_STANDARD = "gnu++20";
				CLANG_ENABLE_MODULES = YES;
				CLANG_ENABLE_OBJC_ARC = YES;
				CLANG_ENABLE_OBJC_WEAK = YES;
				CLANG_WARN_BLOCK_CAPTURE_AUTORELEASING = YES;
				CLANG_WARN_BOOL_CONVERSION = YES;
				CLANG_WARN_COMMA = YES;
				CLANG_WARN_CONSTANT_CONVERSION = YES;
				CLANG_WARN_DEPRECATED_OBJC_IMPLEMENTATIONS = YES;
				CLANG_WARN_DIRECT_OBJC_ISA_USAGE = YES_ERROR;
				CLANG_WARN_DOCUMENTATION_COMMENTS = YES;
				CLANG_WARN_EMPTY_BODY = YES;
				CLANG_WARN_ENUM_CONVERSION = YES;
				CLANG_WARN_INFINITE_RECURSION = YES;
				CLANG_WARN_INT_CONVERSION = YES;
				CLANG_WARN_NON_LITERAL_NULL_CONVERSION = YES;
				CLANG_WARN_OBJC_IMPLICIT_RETAIN_SELF = YES;
				CLANG_WARN_OBJC_LITERAL_CONVERSION = YES;
				CLANG_WARN_OBJC_ROOT_CLASS = YES_ERROR;
				CLANG_WARN_QUOTED_INCLUDE_IN_FRAMEWORK_HEADER = YES;
				CLANG_WARN_RANGE_LOOP_ANALYSIS = YES;
				CLANG_WARN_STRICT_PROTOTYPES = YES;
				CLANG_WARN_SUSPICIOUS_MOVE = YES;
				CLANG_WARN_UNGUARDED_AVAILABILITY = YES_AGGRESSIVE;
				CLANG_WARN_UNREACHABLE_CODE = YES;
				CLANG_WARN__DUPLICATE_METHOD_MATCH = YES;
				COPY_PHASE_STRIP = NO;
				DEBUG_INFORMATION_FORMAT = dwarf;
				ENABLE_STRICT_OBJC_MSGSEND = YES;
				ENABLE_TESTABILITY = YES;
				ENABLE_USER_SCRIPT_SANDBOXING = YES;
				GCC_C_LANGUAGE_STANDARD = gnu17;
				GCC_DYNAMIC_NO_PIC = NO;
				GCC_NO_COMMON_BLOCKS = YES;
				GCC_OPTIMIZATION_LEVEL = 0;
				GCC_PREPROCESSOR_DEFINITIONS = (
					"DEBUG=1",
					"$(inherited)",
				);
				GCC_WARN_64_TO_32_BIT_CONVERSION = YES;
				GCC_WARN_ABOUT_RETURN_TYPE = YES_ERROR;
				GCC_WARN_UNDECLARED_SELECTOR = YES;
				GCC_WARN_UNINITIALIZED_AUTOS = YES_AGGRESSIVE;
				GCC_WARN_UNUSED_FUNCTION = YES;
				GCC_WARN_UNUSED_VARIABLE = YES;
				IPHONEOS_DEPLOYMENT_TARGET = 17.5;
				LOCALIZATION_PREFERS_STRING_CATALOGS = YES;
				MTL_ENABLE_DEBUG_INFO = INCLUDE_SOURCE;
				MTL_FAST_MATH = YES;
				ONLY_ACTIVE_ARCH = YES;
				SDKROOT = iphoneos;
				SWIFT_ACTIVE_COMPILATION_CONDITIONS = "DEBUG $(inherited)";
				SWIFT_OPTIMIZATION_LEVEL = "-Onone";
			};
			name = Debug;
		};
		D96BCA7E2CD12787002AFFD7 /* Release */ = {
			isa = XCBuildConfiguration;
			buildSettings = {
				ALWAYS_SEARCH_USER_PATHS = NO;
				ASSETCATALOG_COMPILER_GENERATE_SWIFT_ASSET_SYMBOL_EXTENSIONS = YES;
				CLANG_ANALYZER_NONNULL = YES;
				CLANG_ANALYZER_NUMBER_OBJECT_CONVERSION = YES_AGGRESSIVE;
				CLANG_CXX_LANGUAGE_STANDARD = "gnu++20";
				CLANG_ENABLE_MODULES = YES;
				CLANG_ENABLE_OBJC_ARC = YES;
				CLANG_ENABLE_OBJC_WEAK = YES;
				CLANG_WARN_BLOCK_CAPTURE_AUTORELEASING = YES;
				CLANG_WARN_BOOL_CONVERSION = YES;
				CLANG_WARN_COMMA = YES;
				CLANG_WARN_CONSTANT_CONVERSION = YES;
				CLANG_WARN_DEPRECATED_OBJC_IMPLEMENTATIONS = YES;
				CLANG_WARN_DIRECT_OBJC_ISA_USAGE = YES_ERROR;
				CLANG_WARN_DOCUMENTATION_COMMENTS = YES;
				CLANG_WARN_EMPTY_BODY = YES;
				CLANG_WARN_ENUM_CONVERSION = YES;
				CLANG_WARN_INFINITE_RECURSION = YES;
				CLANG_WARN_INT_CONVERSION = YES;
				CLANG_WARN_NON_LITERAL_NULL_CONVERSION = YES;
				CLANG_WARN_OBJC_IMPLICIT_RETAIN_SELF = YES;
				CLANG_WARN_OBJC_LITERAL_CONVERSION = YES;
				CLANG_WARN_OBJC_ROOT_CLASS = YES_ERROR;
				CLANG_WARN_QUOTED_INCLUDE_IN_FRAMEWORK_HEADER = YES;
				CLANG_WARN_RANGE_LOOP_ANALYSIS = YES;
				CLANG_WARN_STRICT_PROTOTYPES = YES;
				CLANG_WARN_SUSPICIOUS_MOVE = YES;
				CLANG_WARN_UNGUARDED_AVAILABILITY = YES_AGGRESSIVE;
				CLANG_WARN_UNREACHABLE_CODE = YES;
				CLANG_WARN__DUPLICATE_METHOD_MATCH = YES;
				COPY_PHASE_STRIP = NO;
				DEBUG_INFORMATION_FORMAT = "dwarf-with-dsym";
				ENABLE_NS_ASSERTIONS = NO;
				ENABLE_STRICT_OBJC_MSGSEND = YES;
				ENABLE_USER_SCRIPT_SANDBOXING = YES;
				GCC_C_LANGUAGE_STANDARD = gnu17;
				GCC_NO_COMMON_BLOCKS = YES;
				GCC_WARN_64_TO_32_BIT_CONVERSION = YES;
				GCC_WARN_ABOUT_RETURN_TYPE = YES_ERROR;
				GCC_WARN_UNDECLARED_SELECTOR = YES;
				GCC_WARN_UNINITIALIZED_AUTOS = YES_AGGRESSIVE;
				GCC_WARN_UNUSED_FUNCTION = YES;
				GCC_WARN_UNUSED_VARIABLE = YES;
				IPHONEOS_DEPLOYMENT_TARGET = 17.5;
				LOCALIZATION_PREFERS_STRING_CATALOGS = YES;
				MTL_ENABLE_DEBUG_INFO = NO;
				MTL_FAST_MATH = YES;
				SDKROOT = iphoneos;
				SWIFT_COMPILATION_MODE = wholemodule;
				VALIDATE_PRODUCT = YES;
			};
			name = Release;
		};
		D96BCA802CD12787002AFFD7 /* Debug */ = {
			isa = XCBuildConfiguration;
			buildSettings = {
				ASSETCATALOG_COMPILER_APPICON_NAME = AppIcon;
				ASSETCATALOG_COMPILER_GLOBAL_ACCENT_COLOR_NAME = AccentColor;
				CODE_SIGN_STYLE = Automatic;
				CURRENT_PROJECT_VERSION = 1;
				DEVELOPMENT_ASSET_PATHS = "\"Memorize/Preview Content\"";
				DEVELOPMENT_TEAM = WQ7DX8DWT7;
				ENABLE_PREVIEWS = YES;
				GENERATE_INFOPLIST_FILE = YES;
				INFOPLIST_KEY_UIApplicationSceneManifest_Generation = YES;
				INFOPLIST_KEY_UIApplicationSupportsIndirectInputEvents = YES;
				INFOPLIST_KEY_UILaunchScreen_Generation = YES;
				INFOPLIST_KEY_UISupportedInterfaceOrientations_iPad = "UIInterfaceOrientationPortrait UIInterfaceOrientationPortraitUpsideDown UIInterfaceOrientationLandscapeLeft UIInterfaceOrientationLandscapeRight";
				INFOPLIST_KEY_UISupportedInterfaceOrientations_iPhone = "UIInterfaceOrientationPortrait UIInterfaceOrientationLandscapeLeft UIInterfaceOrientationLandscapeRight";
				LD_RUNPATH_SEARCH_PATHS = (
					"$(inherited)",
					"@executable_path/Frameworks",
				);
				MARKETING_VERSION = 1.0;
				PRODUCT_BUNDLE_IDENTIFIER = com.kurniawan.Memorize;
				PRODUCT_NAME = "$(TARGET_NAME)";
				SWIFT_EMIT_LOC_STRINGS = YES;
				SWIFT_VERSION = 5.0;
				TARGETED_DEVICE_FAMILY = "1,2";
			};
			name = Debug;
		};
		D96BCA812CD12787002AFFD7 /* Release */ = {
			isa = XCBuildConfiguration;
			buildSettings = {
				ASSETCATALOG_COMPILER_APPICON_NAME = AppIcon;
				ASSETCATALOG_COMPILER_GLOBAL_ACCENT_COLOR_NAME = AccentColor;
				CODE_SIGN_STYLE = Automatic;
				CURRENT_PROJECT_VERSION = 1;
				DEVELOPMENT_ASSET_PATHS = "\"Memorize/Preview Content\"";
				DEVELOPMENT_TEAM = WQ7DX8DWT7;
				ENABLE_PREVIEWS = YES;
				GENERATE_INFOPLIST_FILE = YES;
				INFOPLIST_KEY_UIApplicationSceneManifest_Generation = YES;
				INFOPLIST_KEY_UIApplicationSupportsIndirectInputEvents = YES;
				INFOPLIST_KEY_UILaunchScreen_Generation = YES;
				INFOPLIST_KEY_UISupportedInterfaceOrientations_iPad = "UIInterfaceOrientationPortrait UIInterfaceOrientationPortraitUpsideDown UIInterfaceOrientationLandscapeLeft UIInterfaceOrientationLandscapeRight";
				INFOPLIST_KEY_UISupportedInterfaceOrientations_iPhone = "UIInterfaceOrientationPortrait UIInterfaceOrientationLandscapeLeft UIInterfaceOrientationLandscapeRight";
				LD_RUNPATH_SEARCH_PATHS = (
					"$(inherited)",
					"@executable_path/Frameworks",
				);
				MARKETING_VERSION = 1.0;
				PRODUCT_BUNDLE_IDENTIFIER = com.kurniawan.Memorize;
				PRODUCT_NAME = "$(TARGET_NAME)";
				SWIFT_EMIT_LOC_STRINGS = YES;
				SWIFT_VERSION = 5.0;
				TARGETED_DEVICE_FAMILY = "1,2";
			};
			name = Release;
		};
/* End XCBuildConfiguration section */

/* Begin XCConfigurationList section */
		D96BCA6C2CD12785002AFFD7 /* Build configuration list for PBXProject "Memorize" */ = {
			isa = XCConfigurationList;
			buildConfigurations = (
				D96BCA7D2CD12787002AFFD7 /* Debug */,
				D96BCA7E2CD12787002AFFD7 /* Release */,
			);
			defaultConfigurationIsVisible = 0;
			defaultConfigurationName = Release;
		};
		D96BCA7F2CD12787002AFFD7 /* Build configuration list for PBXNativeTarget "Memorize" */ = {
			isa = XCConfigurationList;
			buildConfigurations = (
				D96BCA802CD12787002AFFD7 /* Debug */,
				D96BCA812CD12787002AFFD7 /* Release */,
			);
			defaultConfigurationIsVisible = 0;
			defaultConfigurationName = Release;
		};
/* End XCConfigurationList section */
	};
	rootObject = D96BCA692CD12785002AFFD7 /* Project object */;
}
